{
  "version": 4,
  "terraform_version": "1.1.7",
  "serial": 130,
  "lineage": "5924ea77-ea22-fcca-a238-5ae7aa5364c5",
  "outputs": {},
  "resources": [
    {
      "mode": "managed",
      "type": "azurerm_lb",
      "name": "App-LoadBalacer",
      "provider": "provider[\"registry.terraform.io/hashicorp/azurerm\"]",
      "instances": [
        {
          "schema_version": 0,
          "attributes": {
            "frontend_ip_configuration": [
              {
                "availability_zone": "No-Zone",
                "gateway_load_balancer_frontend_ip_configuration_id": "",
                "id": "/subscriptions/f0110c13-3ab8-444d-a8c4-98838e3c89df/resourceGroups/Week6ProjectAnsibleStage/providers/Microsoft.Network/loadBalancers/App-LoadBalacer/frontendIPConfigurations/frontend-ip",
                "inbound_nat_rules": [],
                "load_balancer_rules": [
                  "/subscriptions/f0110c13-3ab8-444d-a8c4-98838e3c89df/resourceGroups/Week6ProjectAnsibleStage/providers/Microsoft.Network/loadBalancers/App-LoadBalacer/loadBalancingRules/LBRule",
                  "/subscriptions/f0110c13-3ab8-444d-a8c4-98838e3c89df/resourceGroups/Week6ProjectAnsibleStage/providers/Microsoft.Network/loadBalancers/App-LoadBalacer/loadBalancingRules/ssh"
                ],
                "name": "frontend-ip",
                "outbound_rules": [
                  "/subscriptions/f0110c13-3ab8-444d-a8c4-98838e3c89df/resourceGroups/Week6ProjectAnsibleStage/providers/Microsoft.Network/loadBalancers/App-LoadBalacer/outboundRules/http"
                ],
                "private_ip_address": "",
                "private_ip_address_allocation": "Dynamic",
                "private_ip_address_version": "",
                "public_ip_address_id": "/subscriptions/f0110c13-3ab8-444d-a8c4-98838e3c89df/resourceGroups/Week6ProjectAnsibleStage/providers/Microsoft.Network/publicIPAddresses/LoadBalacerPublicIp",
                "public_ip_prefix_id": "",
                "subnet_id": "",
                "zones": []
              }
            ],
            "id": "/subscriptions/f0110c13-3ab8-444d-a8c4-98838e3c89df/resourceGroups/Week6ProjectAnsibleStage/providers/Microsoft.Network/loadBalancers/App-LoadBalacer",
            "location": "eastus",
            "name": "App-LoadBalacer",
            "private_ip_address": "",
            "private_ip_addresses": [],
            "resource_group_name": "Week6ProjectAnsibleStage",
            "sku": "Standard",
            "sku_tier": "Regional",
            "tags": {},
            "timeouts": null
          },
          "sensitive_attributes": [],
          "private": "eyJlMmJmYjczMC1lY2FhLTExZTYtOGY4OC0zNDM2M2JjN2M0YzAiOnsiY3JlYXRlIjoxODAwMDAwMDAwMDAwLCJkZWxldGUiOjE4MDAwMDAwMDAwMDAsInJlYWQiOjMwMDAwMDAwMDAwMCwidXBkYXRlIjoxODAwMDAwMDAwMDAwfX0=",
          "dependencies": [
            "azurerm_public_ip.LoadBalacerPublicIp",
            "azurerm_resource_group.RG"
          ]
        }
      ]
    },
    {
      "mode": "managed",
      "type": "azurerm_lb_backend_address_pool",
      "name": "Scale_set_module",
      "provider": "provider[\"registry.terraform.io/hashicorp/azurerm\"]",
      "instances": [
        {
          "schema_version": 0,
          "attributes": {
            "backend_address": [],
            "backend_ip_configurations": [
              "/subscriptions/f0110c13-3ab8-444d-a8c4-98838e3c89df/resourceGroups/Week6ProjectAnsibleStage/providers/Microsoft.Compute/virtualMachineScaleSets/StagingScaleSet/virtualMachines/0/networkInterfaces/AppScaleSet-nic/ipConfigurations/internal",
              "/subscriptions/f0110c13-3ab8-444d-a8c4-98838e3c89df/resourceGroups/Week6ProjectAnsibleStage/providers/Microsoft.Compute/virtualMachineScaleSets/StagingScaleSet/virtualMachines/2/networkInterfaces/AppScaleSet-nic/ipConfigurations/internal"
            ],
            "id": "/subscriptions/f0110c13-3ab8-444d-a8c4-98838e3c89df/resourceGroups/Week6ProjectAnsibleStage/providers/Microsoft.Network/loadBalancers/App-LoadBalacer/backendAddressPools/Scale_set_module",
            "load_balancing_rules": [
              "/subscriptions/f0110c13-3ab8-444d-a8c4-98838e3c89df/resourceGroups/Week6ProjectAnsibleStage/providers/Microsoft.Network/loadBalancers/App-LoadBalacer/loadBalancingRules/LBRule",
              "/subscriptions/f0110c13-3ab8-444d-a8c4-98838e3c89df/resourceGroups/Week6ProjectAnsibleStage/providers/Microsoft.Network/loadBalancers/App-LoadBalacer/loadBalancingRules/ssh"
            ],
            "loadbalancer_id": "/subscriptions/f0110c13-3ab8-444d-a8c4-98838e3c89df/resourceGroups/Week6ProjectAnsibleStage/providers/Microsoft.Network/loadBalancers/App-LoadBalacer",
            "name": "Scale_set_module",
            "outbound_rules": [
              "/subscriptions/f0110c13-3ab8-444d-a8c4-98838e3c89df/resourceGroups/Week6ProjectAnsibleStage/providers/Microsoft.Network/loadBalancers/App-LoadBalacer/outboundRules/http"
            ],
            "resource_group_name": "Week6ProjectAnsibleStage",
            "timeouts": null,
            "tunnel_interface": []
          },
          "sensitive_attributes": [],
          "private": "eyJlMmJmYjczMC1lY2FhLTExZTYtOGY4OC0zNDM2M2JjN2M0YzAiOnsiY3JlYXRlIjoxODAwMDAwMDAwMDAwLCJkZWxldGUiOjE4MDAwMDAwMDAwMDAsInJlYWQiOjMwMDAwMDAwMDAwMCwidXBkYXRlIjoxODAwMDAwMDAwMDAwfX0=",
          "dependencies": [
            "azurerm_lb.App-LoadBalacer",
            "azurerm_public_ip.LoadBalacerPublicIp",
            "azurerm_resource_group.RG"
          ]
        }
      ]
    },
    {
      "mode": "managed",
      "type": "azurerm_lb_outbound_rule",
      "name": "http",
      "provider": "provider[\"registry.terraform.io/hashicorp/azurerm\"]",
      "instances": [
        {
          "schema_version": 0,
          "attributes": {
            "allocated_outbound_ports": 1024,
            "backend_address_pool_id": "/subscriptions/f0110c13-3ab8-444d-a8c4-98838e3c89df/resourceGroups/Week6ProjectAnsibleStage/providers/Microsoft.Network/loadBalancers/App-LoadBalacer/backendAddressPools/Scale_set_module",
            "enable_tcp_reset": false,
            "frontend_ip_configuration": [
              {
                "id": "/subscriptions/f0110c13-3ab8-444d-a8c4-98838e3c89df/resourceGroups/Week6ProjectAnsibleStage/providers/Microsoft.Network/loadBalancers/App-LoadBalacer/frontendIPConfigurations/frontend-ip",
                "name": "frontend-ip"
              }
            ],
            "id": "/subscriptions/f0110c13-3ab8-444d-a8c4-98838e3c89df/resourceGroups/Week6ProjectAnsibleStage/providers/Microsoft.Network/loadBalancers/App-LoadBalacer/outboundRules/http",
            "idle_timeout_in_minutes": 4,
            "loadbalancer_id": "/subscriptions/f0110c13-3ab8-444d-a8c4-98838e3c89df/resourceGroups/Week6ProjectAnsibleStage/providers/Microsoft.Network/loadBalancers/App-LoadBalacer",
            "name": "http",
            "protocol": "Tcp",
            "resource_group_name": "Week6ProjectAnsibleStage",
            "timeouts": null
          },
          "sensitive_attributes": [],
          "private": "eyJlMmJmYjczMC1lY2FhLTExZTYtOGY4OC0zNDM2M2JjN2M0YzAiOnsiY3JlYXRlIjoxODAwMDAwMDAwMDAwLCJkZWxldGUiOjE4MDAwMDAwMDAwMDAsInJlYWQiOjMwMDAwMDAwMDAwMCwidXBkYXRlIjoxODAwMDAwMDAwMDAwfX0=",
          "dependencies": [
            "azurerm_lb.App-LoadBalacer",
            "azurerm_lb_backend_address_pool.Scale_set_module",
            "azurerm_public_ip.LoadBalacerPublicIp",
            "azurerm_resource_group.RG"
          ]
        }
      ]
    },
    {
      "mode": "managed",
      "type": "azurerm_lb_probe",
      "name": "Helthprobe",
      "provider": "provider[\"registry.terraform.io/hashicorp/azurerm\"]",
      "instances": [
        {
          "schema_version": 0,
          "attributes": {
            "id": "/subscriptions/f0110c13-3ab8-444d-a8c4-98838e3c89df/resourceGroups/Week6ProjectAnsibleStage/providers/Microsoft.Network/loadBalancers/App-LoadBalacer/probes/Helthprobe",
            "interval_in_seconds": 15,
            "load_balancer_rules": [
              "/subscriptions/f0110c13-3ab8-444d-a8c4-98838e3c89df/resourceGroups/Week6ProjectAnsibleStage/providers/Microsoft.Network/loadBalancers/App-LoadBalacer/loadBalancingRules/LBRule"
            ],
            "loadbalancer_id": "/subscriptions/f0110c13-3ab8-444d-a8c4-98838e3c89df/resourceGroups/Week6ProjectAnsibleStage/providers/Microsoft.Network/loadBalancers/App-LoadBalacer",
            "name": "Helthprobe",
            "number_of_probes": 2,
            "port": 8080,
            "protocol": "Tcp",
            "request_path": "",
            "resource_group_name": "Week6ProjectAnsibleStage",
            "timeouts": null
          },
          "sensitive_attributes": [],
          "private": "eyJlMmJmYjczMC1lY2FhLTExZTYtOGY4OC0zNDM2M2JjN2M0YzAiOnsiY3JlYXRlIjoxODAwMDAwMDAwMDAwLCJkZWxldGUiOjE4MDAwMDAwMDAwMDAsInJlYWQiOjMwMDAwMDAwMDAwMCwidXBkYXRlIjoxODAwMDAwMDAwMDAwfX0=",
          "dependencies": [
            "azurerm_lb.App-LoadBalacer",
            "azurerm_public_ip.LoadBalacerPublicIp",
            "azurerm_resource_group.RG"
          ]
        }
      ]
    },
    {
      "mode": "managed",
      "type": "azurerm_lb_rule",
      "name": "AcceseRole",
      "provider": "provider[\"registry.terraform.io/hashicorp/azurerm\"]",
      "instances": [
        {
          "schema_version": 0,
          "attributes": {
            "backend_address_pool_id": "/subscriptions/f0110c13-3ab8-444d-a8c4-98838e3c89df/resourceGroups/Week6ProjectAnsibleStage/providers/Microsoft.Network/loadBalancers/App-LoadBalacer/backendAddressPools/Scale_set_module",
            "backend_address_pool_ids": [
              "/subscriptions/f0110c13-3ab8-444d-a8c4-98838e3c89df/resourceGroups/Week6ProjectAnsibleStage/providers/Microsoft.Network/loadBalancers/App-LoadBalacer/backendAddressPools/Scale_set_module"
            ],
            "backend_port": 8080,
            "disable_outbound_snat": true,
            "enable_floating_ip": false,
            "enable_tcp_reset": false,
            "frontend_ip_configuration_id": "/subscriptions/f0110c13-3ab8-444d-a8c4-98838e3c89df/resourceGroups/Week6ProjectAnsibleStage/providers/Microsoft.Network/loadBalancers/App-LoadBalacer/frontendIPConfigurations/frontend-ip",
            "frontend_ip_configuration_name": "frontend-ip",
            "frontend_port": 8080,
            "id": "/subscriptions/f0110c13-3ab8-444d-a8c4-98838e3c89df/resourceGroups/Week6ProjectAnsibleStage/providers/Microsoft.Network/loadBalancers/App-LoadBalacer/loadBalancingRules/LBRule",
            "idle_timeout_in_minutes": 4,
            "load_distribution": "Default",
            "loadbalancer_id": "/subscriptions/f0110c13-3ab8-444d-a8c4-98838e3c89df/resourceGroups/Week6ProjectAnsibleStage/providers/Microsoft.Network/loadBalancers/App-LoadBalacer",
            "name": "LBRule",
            "probe_id": "/subscriptions/f0110c13-3ab8-444d-a8c4-98838e3c89df/resourceGroups/Week6ProjectAnsibleStage/providers/Microsoft.Network/loadBalancers/App-LoadBalacer/probes/Helthprobe",
            "protocol": "Tcp",
            "resource_group_name": "Week6ProjectAnsibleStage",
            "timeouts": null
          },
          "sensitive_attributes": [],
          "private": "eyJlMmJmYjczMC1lY2FhLTExZTYtOGY4OC0zNDM2M2JjN2M0YzAiOnsiY3JlYXRlIjoxODAwMDAwMDAwMDAwLCJkZWxldGUiOjE4MDAwMDAwMDAwMDAsInJlYWQiOjMwMDAwMDAwMDAwMCwidXBkYXRlIjoxODAwMDAwMDAwMDAwfX0=",
          "dependencies": [
            "azurerm_lb.App-LoadBalacer",
            "azurerm_lb_backend_address_pool.Scale_set_module",
            "azurerm_lb_probe.Helthprobe",
            "azurerm_public_ip.LoadBalacerPublicIp",
            "azurerm_resource_group.RG"
          ]
        }
      ]
    },
    {
      "mode": "managed",
      "type": "azurerm_lb_rule",
      "name": "ssh",
      "provider": "provider[\"registry.terraform.io/hashicorp/azurerm\"]",
      "instances": [
        {
          "schema_version": 0,
          "attributes": {
            "backend_address_pool_id": "/subscriptions/f0110c13-3ab8-444d-a8c4-98838e3c89df/resourceGroups/Week6ProjectAnsibleStage/providers/Microsoft.Network/loadBalancers/App-LoadBalacer/backendAddressPools/Scale_set_module",
            "backend_address_pool_ids": [
              "/subscriptions/f0110c13-3ab8-444d-a8c4-98838e3c89df/resourceGroups/Week6ProjectAnsibleStage/providers/Microsoft.Network/loadBalancers/App-LoadBalacer/backendAddressPools/Scale_set_module"
            ],
            "backend_port": 22,
            "disable_outbound_snat": true,
            "enable_floating_ip": false,
            "enable_tcp_reset": false,
            "frontend_ip_configuration_id": "/subscriptions/f0110c13-3ab8-444d-a8c4-98838e3c89df/resourceGroups/Week6ProjectAnsibleStage/providers/Microsoft.Network/loadBalancers/App-LoadBalacer/frontendIPConfigurations/frontend-ip",
            "frontend_ip_configuration_name": "frontend-ip",
            "frontend_port": 22,
            "id": "/subscriptions/f0110c13-3ab8-444d-a8c4-98838e3c89df/resourceGroups/Week6ProjectAnsibleStage/providers/Microsoft.Network/loadBalancers/App-LoadBalacer/loadBalancingRules/ssh",
            "idle_timeout_in_minutes": 4,
            "load_distribution": "Default",
            "loadbalancer_id": "/subscriptions/f0110c13-3ab8-444d-a8c4-98838e3c89df/resourceGroups/Week6ProjectAnsibleStage/providers/Microsoft.Network/loadBalancers/App-LoadBalacer",
            "name": "ssh",
            "probe_id": "",
            "protocol": "Tcp",
            "resource_group_name": "Week6ProjectAnsibleStage",
            "timeouts": null
          },
          "sensitive_attributes": [],
          "private": "eyJlMmJmYjczMC1lY2FhLTExZTYtOGY4OC0zNDM2M2JjN2M0YzAiOnsiY3JlYXRlIjoxODAwMDAwMDAwMDAwLCJkZWxldGUiOjE4MDAwMDAwMDAwMDAsInJlYWQiOjMwMDAwMDAwMDAwMCwidXBkYXRlIjoxODAwMDAwMDAwMDAwfX0=",
          "dependencies": [
            "azurerm_lb.App-LoadBalacer",
            "azurerm_lb_backend_address_pool.Scale_set_module",
            "azurerm_public_ip.LoadBalacerPublicIp",
            "azurerm_resource_group.RG"
          ]
        }
      ]
    },
    {
      "mode": "managed",
      "type": "azurerm_linux_virtual_machine",
      "name": "Controller",
      "provider": "provider[\"registry.terraform.io/hashicorp/azurerm\"]",
      "instances": [
        {
          "schema_version": 0,
          "attributes": {
            "additional_capabilities": [],
            "admin_password": "Hakolzorem2022",
            "admin_ssh_key": [],
            "admin_username": "adminuser",
            "allow_extension_operations": true,
            "availability_set_id": "",
            "boot_diagnostics": [],
            "computer_name": "Controller",
            "custom_data": null,
            "dedicated_host_group_id": "",
            "dedicated_host_id": "",
            "disable_password_authentication": false,
            "encryption_at_host_enabled": false,
            "eviction_policy": "",
            "extensions_time_budget": "PT1H30M",
            "id": "/subscriptions/f0110c13-3ab8-444d-a8c4-98838e3c89df/resourceGroups/Week6ProjectAnsibleStage/providers/Microsoft.Compute/virtualMachines/Controller",
            "identity": [],
            "license_type": "",
            "location": "eastus",
            "max_bid_price": -1,
            "name": "Controller",
            "network_interface_ids": [
              "/subscriptions/f0110c13-3ab8-444d-a8c4-98838e3c89df/resourceGroups/Week6ProjectAnsibleStage/providers/Microsoft.Network/networkInterfaces/AnsibleNic"
            ],
            "os_disk": [
              {
                "caching": "ReadWrite",
                "diff_disk_settings": [],
                "disk_encryption_set_id": "",
                "disk_size_gb": 30,
                "name": "Controller_OsDisk_1_70d857d773884d4a854cc5822d6e070d",
                "storage_account_type": "Standard_LRS",
                "write_accelerator_enabled": false
              }
            ],
            "patch_mode": "ImageDefault",
            "plan": [],
            "platform_fault_domain": -1,
            "priority": "Regular",
            "private_ip_address": "10.30.1.8",
            "private_ip_addresses": [
              "10.30.1.8"
            ],
            "provision_vm_agent": true,
            "proximity_placement_group_id": "",
            "public_ip_address": "20.124.23.9",
            "public_ip_addresses": [
              "20.124.23.9"
            ],
            "resource_group_name": "Week6ProjectAnsibleStage",
            "secret": [],
            "secure_boot_enabled": false,
            "size": "Standard_B1ls",
            "source_image_id": "",
            "source_image_reference": [
              {
                "offer": "UbuntuServer",
                "publisher": "Canonical",
                "sku": "18.04-LTS",
                "version": "latest"
              }
            ],
            "tags": {},
            "timeouts": null,
            "user_data": "",
            "virtual_machine_id": "2d6aeedf-520c-426e-bef1-37d1dcfffb3d",
            "virtual_machine_scale_set_id": "",
            "vtpm_enabled": false,
            "zone": ""
          },
          "sensitive_attributes": [],
          "private": "eyJlMmJmYjczMC1lY2FhLTExZTYtOGY4OC0zNDM2M2JjN2M0YzAiOnsiY3JlYXRlIjoyNzAwMDAwMDAwMDAwLCJkZWxldGUiOjI3MDAwMDAwMDAwMDAsInJlYWQiOjMwMDAwMDAwMDAwMCwidXBkYXRlIjoyNzAwMDAwMDAwMDAwfX0=",
          "dependencies": [
            "azurerm_network_interface.AnsibleNic",
            "azurerm_public_ip.AnsiblePuBLICIp",
            "azurerm_resource_group.RG",
            "azurerm_subnet.Web_Tier",
            "azurerm_virtual_network.vnet"
          ]
        }
      ]
    },
    {
      "mode": "managed",
      "type": "azurerm_network_interface",
      "name": "AnsibleNic",
      "provider": "provider[\"registry.terraform.io/hashicorp/azurerm\"]",
      "instances": [
        {
          "schema_version": 0,
          "attributes": {
            "applied_dns_servers": [],
            "dns_servers": [],
            "enable_accelerated_networking": false,
            "enable_ip_forwarding": false,
            "id": "/subscriptions/f0110c13-3ab8-444d-a8c4-98838e3c89df/resourceGroups/Week6ProjectAnsibleStage/providers/Microsoft.Network/networkInterfaces/AnsibleNic",
            "internal_dns_name_label": "",
            "internal_domain_name_suffix": "ixtmmpmwhnwu1a2xgn23isftph.bx.internal.cloudapp.net",
            "ip_configuration": [
              {
                "gateway_load_balancer_frontend_ip_configuration_id": "",
                "name": "AnsibleNicConfiguration",
                "primary": true,
                "private_ip_address": "10.30.1.8",
                "private_ip_address_allocation": "Dynamic",
                "private_ip_address_version": "IPv4",
                "public_ip_address_id": "/subscriptions/f0110c13-3ab8-444d-a8c4-98838e3c89df/resourceGroups/Week6ProjectAnsibleStage/providers/Microsoft.Network/publicIPAddresses/AnsiblePuBLICIp",
                "subnet_id": "/subscriptions/f0110c13-3ab8-444d-a8c4-98838e3c89df/resourceGroups/Week6ProjectAnsibleStage/providers/Microsoft.Network/virtualNetworks/Vnet/subnets/Web_Tier"
              }
            ],
            "location": "eastus",
            "mac_address": "00-0D-3A-8B-B1-56",
            "name": "AnsibleNic",
            "private_ip_address": "10.30.1.8",
            "private_ip_addresses": [
              "10.30.1.8"
            ],
            "resource_group_name": "Week6ProjectAnsibleStage",
            "tags": {},
            "timeouts": null,
            "virtual_machine_id": "/subscriptions/f0110c13-3ab8-444d-a8c4-98838e3c89df/resourceGroups/Week6ProjectAnsibleStage/providers/Microsoft.Compute/virtualMachines/Controller"
          },
          "sensitive_attributes": [],
          "private": "eyJlMmJmYjczMC1lY2FhLTExZTYtOGY4OC0zNDM2M2JjN2M0YzAiOnsiY3JlYXRlIjoxODAwMDAwMDAwMDAwLCJkZWxldGUiOjE4MDAwMDAwMDAwMDAsInJlYWQiOjMwMDAwMDAwMDAwMCwidXBkYXRlIjoxODAwMDAwMDAwMDAwfX0=",
          "dependencies": [
            "azurerm_public_ip.AnsiblePuBLICIp",
            "azurerm_resource_group.RG",
            "azurerm_subnet.Web_Tier",
            "azurerm_virtual_network.vnet"
          ]
        }
      ]
    },
    {
      "mode": "managed",
      "type": "azurerm_network_security_group",
      "name": "NSG1",
      "provider": "provider[\"registry.terraform.io/hashicorp/azurerm\"]",
      "instances": [
        {
          "schema_version": 0,
          "attributes": {
            "id": "/subscriptions/f0110c13-3ab8-444d-a8c4-98838e3c89df/resourceGroups/Week6ProjectAnsibleStage/providers/Microsoft.Network/networkSecurityGroups/NSG1",
            "location": "eastus",
            "name": "NSG1",
            "resource_group_name": "Week6ProjectAnsibleStage",
            "security_rule": [
              {
                "access": "Allow",
                "description": "",
                "destination_address_prefix": "*",
                "destination_address_prefixes": [],
                "destination_application_security_group_ids": [],
                "destination_port_range": "*",
                "destination_port_ranges": [],
                "direction": "Inbound",
                "name": "ssh",
                "priority": 110,
                "protocol": "Tcp",
                "source_address_prefix": "147.234.130.54",
                "source_address_prefixes": [],
                "source_application_security_group_ids": [],
                "source_port_range": "*",
                "source_port_ranges": []
              },
              {
                "access": "Allow",
                "description": "",
                "destination_address_prefix": "*",
                "destination_address_prefixes": [],
                "destination_application_security_group_ids": [],
                "destination_port_range": "8080",
                "destination_port_ranges": [],
                "direction": "Inbound",
                "name": "Allow_8080",
                "priority": 100,
                "protocol": "Tcp",
                "source_address_prefix": "*",
                "source_address_prefixes": [],
                "source_application_security_group_ids": [],
                "source_port_range": "*",
                "source_port_ranges": []
              }
            ],
            "tags": {},
            "timeouts": null
          },
          "sensitive_attributes": [],
          "private": "eyJlMmJmYjczMC1lY2FhLTExZTYtOGY4OC0zNDM2M2JjN2M0YzAiOnsiY3JlYXRlIjoxODAwMDAwMDAwMDAwLCJkZWxldGUiOjE4MDAwMDAwMDAwMDAsInJlYWQiOjMwMDAwMDAwMDAwMCwidXBkYXRlIjoxODAwMDAwMDAwMDAwfX0=",
          "dependencies": [
            "azurerm_resource_group.RG"
          ]
        }
      ]
    },
    {
      "mode": "managed",
      "type": "azurerm_network_security_group",
      "name": "NSG2",
      "provider": "provider[\"registry.terraform.io/hashicorp/azurerm\"]",
      "instances": [
        {
          "schema_version": 0,
          "attributes": {
            "id": "/subscriptions/f0110c13-3ab8-444d-a8c4-98838e3c89df/resourceGroups/Week6ProjectAnsibleStage/providers/Microsoft.Network/networkSecurityGroups/NSG2",
            "location": "eastus",
            "name": "NSG2",
            "resource_group_name": "Week6ProjectAnsibleStage",
            "security_rule": [
              {
                "access": "Allow",
                "description": "",
                "destination_address_prefix": "*",
                "destination_address_prefixes": [],
                "destination_application_security_group_ids": [],
                "destination_port_range": "5432",
                "destination_port_ranges": [],
                "direction": "Inbound",
                "name": "Postgres",
                "priority": 110,
                "protocol": "Tcp",
                "source_address_prefix": "VirtualNetwork",
                "source_address_prefixes": [],
                "source_application_security_group_ids": [],
                "source_port_range": "5432",
                "source_port_ranges": []
              }
            ],
            "tags": {},
            "timeouts": null
          },
          "sensitive_attributes": [],
          "private": "eyJlMmJmYjczMC1lY2FhLTExZTYtOGY4OC0zNDM2M2JjN2M0YzAiOnsiY3JlYXRlIjoxODAwMDAwMDAwMDAwLCJkZWxldGUiOjE4MDAwMDAwMDAwMDAsInJlYWQiOjMwMDAwMDAwMDAwMCwidXBkYXRlIjoxODAwMDAwMDAwMDAwfX0=",
          "dependencies": [
            "azurerm_resource_group.RG"
          ]
        }
      ]
    },
    {
      "mode": "managed",
      "type": "azurerm_postgresql_flexible_server",
      "name": "PosrgreSQLFlexibleDataServer",
      "provider": "provider[\"registry.terraform.io/hashicorp/azurerm\"]",
      "instances": [
        {
          "schema_version": 0,
          "attributes": {
            "administrator_login": "postgres",
            "administrator_password": "Hakolzorem2022",
            "backup_retention_days": 7,
            "cmk_enabled": "",
            "create_mode": "Default",
            "delegated_subnet_id": "/subscriptions/f0110c13-3ab8-444d-a8c4-98838e3c89df/resourceGroups/Week6ProjectAnsibleStage/providers/Microsoft.Network/virtualNetworks/Vnet/subnets/Data_Tier",
            "fqdn": "hakolzorem333.postgres.database.azure.com",
            "geo_redundant_backup_enabled": false,
            "high_availability": [],
            "id": "/subscriptions/f0110c13-3ab8-444d-a8c4-98838e3c89df/resourceGroups/Week6ProjectAnsibleStage/providers/Microsoft.DBforPostgreSQL/flexibleServers/hakolzorem333",
            "location": "eastus",
            "maintenance_window": [],
            "name": "hakolzorem333",
            "point_in_time_restore_time_in_utc": null,
            "private_dns_zone_id": "/subscriptions/f0110c13-3ab8-444d-a8c4-98838e3c89df/resourceGroups/Week6ProjectAnsibleStage/providers/Microsoft.Network/privateDnsZones/Flexible.postgres.database.azure.com",
            "public_network_access_enabled": false,
            "resource_group_name": "Week6ProjectAnsibleStage",
            "sku_name": "GP_Standard_D4s_v3",
            "source_server_id": null,
            "storage_mb": 32768,
            "tags": null,
            "timeouts": null,
            "version": "12",
            "zone": "1"
          },
          "sensitive_attributes": [],
          "private": "eyJlMmJmYjczMC1lY2FhLTExZTYtOGY4OC0zNDM2M2JjN2M0YzAiOnsiY3JlYXRlIjozNjAwMDAwMDAwMDAwLCJkZWxldGUiOjM2MDAwMDAwMDAwMDAsInJlYWQiOjMwMDAwMDAwMDAwMCwidXBkYXRlIjozNjAwMDAwMDAwMDAwfX0=",
          "dependencies": [
            "azurerm_private_dns_zone.Flexibale_Postgres_DataBase_DNS",
            "azurerm_resource_group.RG",
            "azurerm_subnet.Data_Tier"
          ]
        }
      ]
    },
    {
      "mode": "managed",
      "type": "azurerm_postgresql_flexible_server_configuration",
      "name": "flexible_server_configuration",
      "provider": "provider[\"registry.terraform.io/hashicorp/azurerm\"]",
      "instances": [
        {
          "schema_version": 0,
          "attributes": {
            "id": "/subscriptions/f0110c13-3ab8-444d-a8c4-98838e3c89df/resourceGroups/Week6ProjectAnsibleStage/providers/Microsoft.DBforPostgreSQL/flexibleServers/hakolzorem333/configurations/require_secure_transport",
            "name": "require_secure_transport",
            "server_id": "/subscriptions/f0110c13-3ab8-444d-a8c4-98838e3c89df/resourceGroups/Week6ProjectAnsibleStage/providers/Microsoft.DBforPostgreSQL/flexibleServers/hakolzorem333",
            "timeouts": null,
            "value": "off"
          },
          "sensitive_attributes": [],
          "private": "eyJlMmJmYjczMC1lY2FhLTExZTYtOGY4OC0zNDM2M2JjN2M0YzAiOnsiY3JlYXRlIjoxODAwMDAwMDAwMDAwLCJkZWxldGUiOjE4MDAwMDAwMDAwMDAsInJlYWQiOjMwMDAwMDAwMDAwMCwidXBkYXRlIjoxODAwMDAwMDAwMDAwfX0=",
          "dependencies": [
            "azurerm_postgresql_flexible_server.PosrgreSQLFlexibleDataServer",
            "azurerm_private_dns_zone.Flexibale_Postgres_DataBase_DNS",
            "azurerm_resource_group.RG",
            "azurerm_subnet.Data_Tier"
          ]
        }
      ]
    },
    {
      "mode": "managed",
      "type": "azurerm_postgresql_flexible_server_database",
      "name": "db",
      "provider": "provider[\"registry.terraform.io/hashicorp/azurerm\"]",
      "instances": [
        {
          "schema_version": 0,
          "attributes": {
            "charset": "UTF8",
            "collation": "en_US.utf8",
            "id": "/subscriptions/f0110c13-3ab8-444d-a8c4-98838e3c89df/resourceGroups/Week6ProjectAnsibleStage/providers/Microsoft.DBforPostgreSQL/flexibleServers/hakolzorem333/databases/db",
            "name": "db",
            "server_id": "/subscriptions/f0110c13-3ab8-444d-a8c4-98838e3c89df/resourceGroups/Week6ProjectAnsibleStage/providers/Microsoft.DBforPostgreSQL/flexibleServers/hakolzorem333",
            "timeouts": null
          },
          "sensitive_attributes": [],
          "private": "eyJlMmJmYjczMC1lY2FhLTExZTYtOGY4OC0zNDM2M2JjN2M0YzAiOnsiY3JlYXRlIjoxODAwMDAwMDAwMDAwLCJkZWxldGUiOjE4MDAwMDAwMDAwMDAsInJlYWQiOjMwMDAwMDAwMDAwMH19",
          "dependencies": [
            "azurerm_postgresql_flexible_server.PosrgreSQLFlexibleDataServer",
            "azurerm_private_dns_zone.Flexibale_Postgres_DataBase_DNS",
            "azurerm_resource_group.RG",
            "azurerm_subnet.Data_Tier"
          ]
        }
      ]
    },
    {
      "mode": "managed",
      "type": "azurerm_postgresql_flexible_server_firewall_rule",
      "name": "example",
      "provider": "provider[\"registry.terraform.io/hashicorp/azurerm\"]",
      "instances": [
        {
          "schema_version": 0,
          "attributes": {
            "end_ip_address": "255.255.255.255",
            "id": "/subscriptions/f0110c13-3ab8-444d-a8c4-98838e3c89df/resourceGroups/Week6ProjectAnsibleStage/providers/Microsoft.DBforPostgreSQL/flexibleServers/hakolzorem333/firewallRules/example-fw",
            "name": "example-fw",
            "server_id": "/subscriptions/f0110c13-3ab8-444d-a8c4-98838e3c89df/resourceGroups/Week6ProjectAnsibleStage/providers/Microsoft.DBforPostgreSQL/flexibleServers/hakolzorem333",
            "start_ip_address": "0.0.0.0",
            "timeouts": null
          },
          "sensitive_attributes": [],
          "private": "eyJlMmJmYjczMC1lY2FhLTExZTYtOGY4OC0zNDM2M2JjN2M0YzAiOnsiY3JlYXRlIjoxODAwMDAwMDAwMDAwLCJkZWxldGUiOjE4MDAwMDAwMDAwMDAsInJlYWQiOjMwMDAwMDAwMDAwMCwidXBkYXRlIjoxODAwMDAwMDAwMDAwfX0=",
          "dependencies": [
            "azurerm_postgresql_flexible_server.PosrgreSQLFlexibleDataServer",
            "azurerm_private_dns_zone.Flexibale_Postgres_DataBase_DNS",
            "azurerm_resource_group.RG",
            "azurerm_subnet.Data_Tier"
          ]
        }
      ]
    },
    {
      "mode": "managed",
      "type": "azurerm_private_dns_zone",
      "name": "Flexibale_Postgres_DataBase_DNS",
      "provider": "provider[\"registry.terraform.io/hashicorp/azurerm\"]",
      "instances": [
        {
          "schema_version": 0,
          "attributes": {
            "id": "/subscriptions/f0110c13-3ab8-444d-a8c4-98838e3c89df/resourceGroups/Week6ProjectAnsibleStage/providers/Microsoft.Network/privateDnsZones/Flexible.postgres.database.azure.com",
            "max_number_of_record_sets": 25000,
            "max_number_of_virtual_network_links": 1000,
            "max_number_of_virtual_network_links_with_registration": 100,
            "name": "Flexible.postgres.database.azure.com",
            "number_of_record_sets": 1,
            "resource_group_name": "Week6ProjectAnsibleStage",
            "soa_record": [
              {
                "email": "azureprivatedns-host.microsoft.com",
                "expire_time": 2419200,
                "fqdn": "flexible.postgres.database.azure.com.",
                "host_name": "azureprivatedns.net",
                "minimum_ttl": 10,
                "refresh_time": 3600,
                "retry_time": 300,
                "serial_number": 1,
                "tags": {},
                "ttl": 3600
              }
            ],
            "tags": {},
            "timeouts": null
          },
          "sensitive_attributes": [],
          "private": "eyJlMmJmYjczMC1lY2FhLTExZTYtOGY4OC0zNDM2M2JjN2M0YzAiOnsiY3JlYXRlIjoxODAwMDAwMDAwMDAwLCJkZWxldGUiOjE4MDAwMDAwMDAwMDAsInJlYWQiOjMwMDAwMDAwMDAwMCwidXBkYXRlIjoxODAwMDAwMDAwMDAwfX0=",
          "dependencies": [
            "azurerm_resource_group.RG"
          ]
        }
      ]
    },
    {
      "mode": "managed",
      "type": "azurerm_private_dns_zone_virtual_network_link",
      "name": "DNS_Zone_VN_Link",
      "provider": "provider[\"registry.terraform.io/hashicorp/azurerm\"]",
      "instances": [
        {
          "schema_version": 0,
          "attributes": {
            "id": "/subscriptions/f0110c13-3ab8-444d-a8c4-98838e3c89df/resourceGroups/Week6ProjectAnsibleStage/providers/Microsoft.Network/privateDnsZones/Flexible.postgres.database.azure.com/virtualNetworkLinks/VnZone.com",
            "name": "VnZone.com",
            "private_dns_zone_name": "Flexible.postgres.database.azure.com",
            "registration_enabled": false,
            "resource_group_name": "Week6ProjectAnsibleStage",
            "tags": {},
            "timeouts": null,
            "virtual_network_id": "/subscriptions/f0110c13-3ab8-444d-a8c4-98838e3c89df/resourceGroups/Week6ProjectAnsibleStage/providers/Microsoft.Network/virtualNetworks/Vnet"
          },
          "sensitive_attributes": [],
          "private": "eyJlMmJmYjczMC1lY2FhLTExZTYtOGY4OC0zNDM2M2JjN2M0YzAiOnsiY3JlYXRlIjoxODAwMDAwMDAwMDAwLCJkZWxldGUiOjE4MDAwMDAwMDAwMDAsInJlYWQiOjMwMDAwMDAwMDAwMCwidXBkYXRlIjoxODAwMDAwMDAwMDAwfX0=",
          "dependencies": [
            "azurerm_private_dns_zone.Flexibale_Postgres_DataBase_DNS",
            "azurerm_resource_group.RG",
            "azurerm_virtual_network.vnet"
          ]
        }
      ]
    },
    {
      "mode": "managed",
      "type": "azurerm_public_ip",
      "name": "AnsiblePuBLICIp",
      "provider": "provider[\"registry.terraform.io/hashicorp/azurerm\"]",
      "instances": [
        {
          "schema_version": 0,
          "attributes": {
            "allocation_method": "Dynamic",
            "availability_zone": "No-Zone",
            "domain_name_label": null,
            "fqdn": null,
            "id": "/subscriptions/f0110c13-3ab8-444d-a8c4-98838e3c89df/resourceGroups/Week6ProjectAnsibleStage/providers/Microsoft.Network/publicIPAddresses/AnsiblePuBLICIp",
            "idle_timeout_in_minutes": 4,
            "ip_address": "20.124.23.9",
            "ip_tags": {},
            "ip_version": "IPv4",
            "location": "eastus",
            "name": "AnsiblePuBLICIp",
            "public_ip_prefix_id": null,
            "resource_group_name": "Week6ProjectAnsibleStage",
            "reverse_fqdn": null,
            "sku": "Basic",
            "sku_tier": "Regional",
            "tags": {},
            "timeouts": null,
            "zones": []
          },
          "sensitive_attributes": [],
          "private": "eyJlMmJmYjczMC1lY2FhLTExZTYtOGY4OC0zNDM2M2JjN2M0YzAiOnsiY3JlYXRlIjoxODAwMDAwMDAwMDAwLCJkZWxldGUiOjE4MDAwMDAwMDAwMDAsInJlYWQiOjMwMDAwMDAwMDAwMCwidXBkYXRlIjoxODAwMDAwMDAwMDAwfX0=",
          "dependencies": [
            "azurerm_resource_group.RG"
          ]
        }
      ]
    },
    {
      "mode": "managed",
      "type": "azurerm_public_ip",
      "name": "LoadBalacerPublicIp",
      "provider": "provider[\"registry.terraform.io/hashicorp/azurerm\"]",
      "instances": [
        {
          "schema_version": 0,
          "attributes": {
            "allocation_method": "Static",
            "availability_zone": "Zone-Redundant",
            "domain_name_label": null,
            "fqdn": null,
            "id": "/subscriptions/f0110c13-3ab8-444d-a8c4-98838e3c89df/resourceGroups/Week6ProjectAnsibleStage/providers/Microsoft.Network/publicIPAddresses/LoadBalacerPublicIp",
            "idle_timeout_in_minutes": 4,
            "ip_address": "20.102.27.192",
            "ip_tags": {},
            "ip_version": "IPv4",
            "location": "eastus",
            "name": "LoadBalacerPublicIp",
            "public_ip_prefix_id": null,
            "resource_group_name": "Week6ProjectAnsibleStage",
            "reverse_fqdn": null,
            "sku": "Standard",
            "sku_tier": "Regional",
            "tags": {},
            "timeouts": null,
            "zones": []
          },
          "sensitive_attributes": [],
          "private": "eyJlMmJmYjczMC1lY2FhLTExZTYtOGY4OC0zNDM2M2JjN2M0YzAiOnsiY3JlYXRlIjoxODAwMDAwMDAwMDAwLCJkZWxldGUiOjE4MDAwMDAwMDAwMDAsInJlYWQiOjMwMDAwMDAwMDAwMCwidXBkYXRlIjoxODAwMDAwMDAwMDAwfX0=",
          "dependencies": [
            "azurerm_resource_group.RG"
          ]
        }
      ]
    },
    {
      "mode": "managed",
      "type": "azurerm_resource_group",
      "name": "RG",
      "provider": "provider[\"registry.terraform.io/hashicorp/azurerm\"]",
      "instances": [
        {
          "schema_version": 0,
          "attributes": {
            "id": "/subscriptions/f0110c13-3ab8-444d-a8c4-98838e3c89df/resourceGroups/Week6ProjectAnsibleStage",
            "location": "eastus",
            "name": "Week6ProjectAnsibleStage",
            "tags": {},
            "timeouts": null
          },
          "sensitive_attributes": [],
          "private": "eyJlMmJmYjczMC1lY2FhLTExZTYtOGY4OC0zNDM2M2JjN2M0YzAiOnsiY3JlYXRlIjo1NDAwMDAwMDAwMDAwLCJkZWxldGUiOjU0MDAwMDAwMDAwMDAsInJlYWQiOjMwMDAwMDAwMDAwMCwidXBkYXRlIjo1NDAwMDAwMDAwMDAwfX0="
        }
      ]
    },
    {
      "mode": "managed",
      "type": "azurerm_subnet",
      "name": "Data_Tier",
      "provider": "provider[\"registry.terraform.io/hashicorp/azurerm\"]",
      "instances": [
        {
          "schema_version": 0,
          "attributes": {
            "address_prefix": "10.30.2.0/24",
            "address_prefixes": [
              "10.30.2.0/24"
            ],
            "delegation": [
              {
                "name": "fs",
                "service_delegation": [
                  {
                    "actions": [
                      "Microsoft.Network/virtualNetworks/subnets/join/action"
                    ],
                    "name": "Microsoft.DBforPostgreSQL/flexibleServers"
                  }
                ]
              }
            ],
            "enforce_private_link_endpoint_network_policies": false,
            "enforce_private_link_service_network_policies": false,
            "id": "/subscriptions/f0110c13-3ab8-444d-a8c4-98838e3c89df/resourceGroups/Week6ProjectAnsibleStage/providers/Microsoft.Network/virtualNetworks/Vnet/subnets/Data_Tier",
            "name": "Data_Tier",
            "resource_group_name": "Week6ProjectAnsibleStage",
            "service_endpoint_policy_ids": [],
            "service_endpoints": [
              "Microsoft.Storage"
            ],
            "timeouts": null,
            "virtual_network_name": "Vnet"
          },
          "sensitive_attributes": [],
          "private": "eyJlMmJmYjczMC1lY2FhLTExZTYtOGY4OC0zNDM2M2JjN2M0YzAiOnsiY3JlYXRlIjoxODAwMDAwMDAwMDAwLCJkZWxldGUiOjE4MDAwMDAwMDAwMDAsInJlYWQiOjMwMDAwMDAwMDAwMCwidXBkYXRlIjoxODAwMDAwMDAwMDAwfX0=",
          "dependencies": [
            "azurerm_resource_group.RG",
            "azurerm_virtual_network.vnet"
          ]
        }
      ]
    },
    {
      "mode": "managed",
      "type": "azurerm_subnet",
      "name": "Web_Tier",
      "provider": "provider[\"registry.terraform.io/hashicorp/azurerm\"]",
      "instances": [
        {
          "schema_version": 0,
          "attributes": {
            "address_prefix": "10.30.1.0/24",
            "address_prefixes": [
              "10.30.1.0/24"
            ],
            "delegation": [],
            "enforce_private_link_endpoint_network_policies": false,
            "enforce_private_link_service_network_policies": false,
            "id": "/subscriptions/f0110c13-3ab8-444d-a8c4-98838e3c89df/resourceGroups/Week6ProjectAnsibleStage/providers/Microsoft.Network/virtualNetworks/Vnet/subnets/Web_Tier",
            "name": "Web_Tier",
            "resource_group_name": "Week6ProjectAnsibleStage",
            "service_endpoint_policy_ids": [],
            "service_endpoints": [],
            "timeouts": null,
            "virtual_network_name": "Vnet"
          },
          "sensitive_attributes": [],
          "private": "eyJlMmJmYjczMC1lY2FhLTExZTYtOGY4OC0zNDM2M2JjN2M0YzAiOnsiY3JlYXRlIjoxODAwMDAwMDAwMDAwLCJkZWxldGUiOjE4MDAwMDAwMDAwMDAsInJlYWQiOjMwMDAwMDAwMDAwMCwidXBkYXRlIjoxODAwMDAwMDAwMDAwfX0=",
          "dependencies": [
            "azurerm_resource_group.RG",
            "azurerm_virtual_network.vnet"
          ]
        }
      ]
    },
    {
      "mode": "managed",
      "type": "azurerm_subnet_network_security_group_association",
      "name": "NSG1",
      "provider": "provider[\"registry.terraform.io/hashicorp/azurerm\"]",
      "instances": [
        {
          "schema_version": 0,
          "attributes": {
            "id": "/subscriptions/f0110c13-3ab8-444d-a8c4-98838e3c89df/resourceGroups/Week6ProjectAnsibleStage/providers/Microsoft.Network/virtualNetworks/Vnet/subnets/Web_Tier",
            "network_security_group_id": "/subscriptions/f0110c13-3ab8-444d-a8c4-98838e3c89df/resourceGroups/Week6ProjectAnsibleStage/providers/Microsoft.Network/networkSecurityGroups/NSG1",
            "subnet_id": "/subscriptions/f0110c13-3ab8-444d-a8c4-98838e3c89df/resourceGroups/Week6ProjectAnsibleStage/providers/Microsoft.Network/virtualNetworks/Vnet/subnets/Web_Tier",
            "timeouts": null
          },
          "sensitive_attributes": [],
          "private": "eyJlMmJmYjczMC1lY2FhLTExZTYtOGY4OC0zNDM2M2JjN2M0YzAiOnsiY3JlYXRlIjoxODAwMDAwMDAwMDAwLCJkZWxldGUiOjE4MDAwMDAwMDAwMDAsInJlYWQiOjMwMDAwMDAwMDAwMCwidXBkYXRlIjoxODAwMDAwMDAwMDAwfX0=",
          "dependencies": [
            "azurerm_network_security_group.NSG1",
            "azurerm_resource_group.RG",
            "azurerm_subnet.Web_Tier",
            "azurerm_virtual_network.vnet"
          ]
        }
      ]
    },
    {
      "mode": "managed",
      "type": "azurerm_subnet_network_security_group_association",
      "name": "NSG2_association",
      "provider": "provider[\"registry.terraform.io/hashicorp/azurerm\"]",
      "instances": [
        {
          "schema_version": 0,
          "attributes": {
            "id": "/subscriptions/f0110c13-3ab8-444d-a8c4-98838e3c89df/resourceGroups/Week6ProjectAnsibleStage/providers/Microsoft.Network/virtualNetworks/Vnet/subnets/Data_Tier",
            "network_security_group_id": "/subscriptions/f0110c13-3ab8-444d-a8c4-98838e3c89df/resourceGroups/Week6ProjectAnsibleStage/providers/Microsoft.Network/networkSecurityGroups/NSG2",
            "subnet_id": "/subscriptions/f0110c13-3ab8-444d-a8c4-98838e3c89df/resourceGroups/Week6ProjectAnsibleStage/providers/Microsoft.Network/virtualNetworks/Vnet/subnets/Data_Tier",
            "timeouts": null
          },
          "sensitive_attributes": [],
          "private": "eyJlMmJmYjczMC1lY2FhLTExZTYtOGY4OC0zNDM2M2JjN2M0YzAiOnsiY3JlYXRlIjoxODAwMDAwMDAwMDAwLCJkZWxldGUiOjE4MDAwMDAwMDAwMDAsInJlYWQiOjMwMDAwMDAwMDAwMCwidXBkYXRlIjoxODAwMDAwMDAwMDAwfX0=",
          "dependencies": [
            "azurerm_network_security_group.NSG2",
            "azurerm_resource_group.RG",
            "azurerm_subnet.Data_Tier",
            "azurerm_virtual_network.vnet"
          ]
        }
      ]
    },
    {
      "mode": "managed",
      "type": "azurerm_virtual_network",
      "name": "vnet",
      "provider": "provider[\"registry.terraform.io/hashicorp/azurerm\"]",
      "instances": [
        {
          "schema_version": 0,
          "attributes": {
            "address_space": [
              "10.30.0.0/16"
            ],
            "bgp_community": "",
            "ddos_protection_plan": [],
            "dns_servers": [],
            "flow_timeout_in_minutes": 0,
            "guid": "3dc6e645-3b96-4d6d-8397-3379d448b37f",
            "id": "/subscriptions/f0110c13-3ab8-444d-a8c4-98838e3c89df/resourceGroups/Week6ProjectAnsibleStage/providers/Microsoft.Network/virtualNetworks/Vnet",
            "location": "eastus",
            "name": "Vnet",
            "resource_group_name": "Week6ProjectAnsibleStage",
            "subnet": [
              {
                "address_prefix": "10.30.1.0/24",
                "id": "/subscriptions/f0110c13-3ab8-444d-a8c4-98838e3c89df/resourceGroups/Week6ProjectAnsibleStage/providers/Microsoft.Network/virtualNetworks/Vnet/subnets/Web_Tier",
                "name": "Web_Tier",
                "security_group": "/subscriptions/f0110c13-3ab8-444d-a8c4-98838e3c89df/resourceGroups/Week6ProjectAnsibleStage/providers/Microsoft.Network/networkSecurityGroups/NSG1"
              },
              {
                "address_prefix": "10.30.2.0/24",
                "id": "/subscriptions/f0110c13-3ab8-444d-a8c4-98838e3c89df/resourceGroups/Week6ProjectAnsibleStage/providers/Microsoft.Network/virtualNetworks/Vnet/subnets/Data_Tier",
                "name": "Data_Tier",
                "security_group": "/subscriptions/f0110c13-3ab8-444d-a8c4-98838e3c89df/resourceGroups/Week6ProjectAnsibleStage/providers/Microsoft.Network/networkSecurityGroups/NSG2"
              }
            ],
            "tags": {},
            "timeouts": null,
            "vm_protection_enabled": false
          },
          "sensitive_attributes": [],
          "private": "eyJlMmJmYjczMC1lY2FhLTExZTYtOGY4OC0zNDM2M2JjN2M0YzAiOnsiY3JlYXRlIjoxODAwMDAwMDAwMDAwLCJkZWxldGUiOjE4MDAwMDAwMDAwMDAsInJlYWQiOjMwMDAwMDAwMDAwMCwidXBkYXRlIjoxODAwMDAwMDAwMDAwfX0=",
          "dependencies": [
            "azurerm_resource_group.RG"
          ]
        }
      ]
    },
    {
      "module": "module.Scale_set_module",
      "mode": "managed",
      "type": "azurerm_linux_virtual_machine_scale_set",
      "name": "AppScaleSet",
      "provider": "provider[\"registry.terraform.io/hashicorp/azurerm\"]",
      "instances": [
        {
          "schema_version": 0,
          "attributes": {
            "additional_capabilities": [],
            "admin_password": "Hakolzorem2022",
            "admin_ssh_key": [],
            "admin_username": "adminuser",
            "automatic_instance_repair": [
              {
                "enabled": false,
                "grace_period": "PT30M"
              }
            ],
            "automatic_os_upgrade_policy": [],
            "boot_diagnostics": [],
            "computer_name_prefix": "StagingScaleSet",
            "custom_data": null,
            "data_disk": [],
            "disable_password_authentication": false,
            "do_not_run_extensions_on_overprovisioned_machines": false,
            "encryption_at_host_enabled": false,
            "eviction_policy": "",
            "extension": [],
            "extensions_time_budget": "PT1H30M",
            "health_probe_id": "",
            "id": "/subscriptions/f0110c13-3ab8-444d-a8c4-98838e3c89df/resourceGroups/Week6ProjectAnsibleStage/providers/Microsoft.Compute/virtualMachineScaleSets/StagingScaleSet",
            "identity": [],
            "instances": 2,
            "location": "eastus",
            "max_bid_price": -1,
            "name": "StagingScaleSet",
            "network_interface": [
              {
                "dns_servers": [],
                "enable_accelerated_networking": false,
                "enable_ip_forwarding": false,
                "ip_configuration": [
                  {
                    "application_gateway_backend_address_pool_ids": [],
                    "application_security_group_ids": [],
                    "load_balancer_backend_address_pool_ids": [
                      "/subscriptions/f0110c13-3ab8-444d-a8c4-98838e3c89df/resourceGroups/Week6ProjectAnsibleStage/providers/Microsoft.Network/loadBalancers/App-LoadBalacer/backendAddressPools/Scale_set_module"
                    ],
                    "load_balancer_inbound_nat_rules_ids": [],
                    "name": "internal",
                    "primary": true,
                    "public_ip_address": [],
                    "subnet_id": "/subscriptions/f0110c13-3ab8-444d-a8c4-98838e3c89df/resourceGroups/Week6ProjectAnsibleStage/providers/Microsoft.Network/virtualNetworks/Vnet/subnets/Web_Tier",
                    "version": "IPv4"
                  }
                ],
                "name": "AppScaleSet-nic",
                "network_security_group_id": "",
                "primary": true
              }
            ],
            "os_disk": [
              {
                "caching": "ReadWrite",
                "diff_disk_settings": [],
                "disk_encryption_set_id": "",
                "disk_size_gb": 30,
                "storage_account_type": "Standard_LRS",
                "write_accelerator_enabled": false
              }
            ],
            "overprovision": true,
            "plan": [],
            "platform_fault_domain_count": 0,
            "priority": "Regular",
            "provision_vm_agent": true,
            "proximity_placement_group_id": "",
            "resource_group_name": "Week6ProjectAnsibleStage",
            "rolling_upgrade_policy": [],
            "scale_in_policy": "Default",
            "secret": [],
            "secure_boot_enabled": false,
            "single_placement_group": true,
            "sku": "Standard_B1ls",
            "source_image_id": "",
            "source_image_reference": [
              {
                "offer": "UbuntuServer",
                "publisher": "Canonical",
                "sku": "16.04-LTS",
                "version": "latest"
              }
            ],
            "tags": {},
            "terminate_notification": [],
            "timeouts": null,
            "unique_id": "582d5388-10b3-493a-97b5-9de0f331b083",
            "upgrade_mode": "Automatic",
            "user_data": "",
            "vtpm_enabled": false,
            "zone_balance": false,
            "zones": []
          },
          "sensitive_attributes": [],
          "private": "eyJlMmJmYjczMC1lY2FhLTExZTYtOGY4OC0zNDM2M2JjN2M0YzAiOnsiY3JlYXRlIjozNjAwMDAwMDAwMDAwLCJkZWxldGUiOjM2MDAwMDAwMDAwMDAsInJlYWQiOjMwMDAwMDAwMDAwMCwidXBkYXRlIjozNjAwMDAwMDAwMDAwfX0=",
          "dependencies": [
            "azurerm_lb.App-LoadBalacer",
            "azurerm_lb_backend_address_pool.Scale_set_module",
            "azurerm_public_ip.LoadBalacerPublicIp",
            "azurerm_resource_group.RG",
            "azurerm_subnet.Web_Tier",
            "azurerm_virtual_network.vnet"
          ]
        }
      ]
    },
    {
      "module": "module.Scale_set_module",
      "mode": "managed",
      "type": "azurerm_monitor_autoscale_setting",
      "name": "AutoScaling",
      "provider": "provider[\"registry.terraform.io/hashicorp/azurerm\"]",
      "instances": [
        {
          "schema_version": 1,
          "attributes": {
            "enabled": true,
            "id": "/subscriptions/f0110c13-3ab8-444d-a8c4-98838e3c89df/resourceGroups/Week6ProjectAnsibleStage/providers/Microsoft.Insights/autoscaleSettings/AutoScaling",
            "location": "eastus",
            "name": "AutoScaling",
            "notification": [],
            "profile": [
              {
                "capacity": [
                  {
                    "default": 2,
                    "maximum": 5,
                    "minimum": 2
                  }
                ],
                "fixed_date": [],
                "name": "defaultProfile",
                "recurrence": [],
                "rule": [
                  {
                    "metric_trigger": [
                      {
                        "dimensions": [
                          {
                            "name": "AppName",
                            "operator": "Equals",
                            "values": [
                              "App1"
                            ]
                          }
                        ],
                        "divide_by_instance_count": false,
                        "metric_name": "Percentage CPU",
                        "metric_namespace": "linux.compute/virtualmachinescalesets",
                        "metric_resource_id": "/subscriptions/f0110c13-3ab8-444d-a8c4-98838e3c89df/resourceGroups/Week6ProjectAnsibleStage/providers/Microsoft.Compute/virtualMachineScaleSets/StagingScaleSet",
                        "operator": "GreaterThan",
                        "statistic": "Average",
                        "threshold": 75,
                        "time_aggregation": "Average",
                        "time_grain": "PT1M",
                        "time_window": "PT5M"
                      }
                    ],
                    "scale_action": [
                      {
                        "cooldown": "PT1M",
                        "direction": "Increase",
                        "type": "ChangeCount",
                        "value": 1
                      }
                    ]
                  },
                  {
                    "metric_trigger": [
                      {
                        "dimensions": [],
                        "divide_by_instance_count": false,
                        "metric_name": "Percentage CPU",
                        "metric_namespace": "",
                        "metric_resource_id": "/subscriptions/f0110c13-3ab8-444d-a8c4-98838e3c89df/resourceGroups/Week6ProjectAnsibleStage/providers/Microsoft.Compute/virtualMachineScaleSets/StagingScaleSet",
                        "operator": "LessThan",
                        "statistic": "Average",
                        "threshold": 25,
                        "time_aggregation": "Average",
                        "time_grain": "PT1M",
                        "time_window": "PT5M"
                      }
                    ],
                    "scale_action": [
                      {
                        "cooldown": "PT1M",
                        "direction": "Decrease",
                        "type": "ChangeCount",
                        "value": 1
                      }
                    ]
                  }
                ]
              }
            ],
            "resource_group_name": "Week6ProjectAnsibleStage",
            "tags": {},
            "target_resource_id": "/subscriptions/f0110c13-3ab8-444d-a8c4-98838e3c89df/resourceGroups/Week6ProjectAnsibleStage/providers/Microsoft.Compute/virtualMachineScaleSets/StagingScaleSet",
            "timeouts": null
          },
          "sensitive_attributes": [],
          "private": "eyJlMmJmYjczMC1lY2FhLTExZTYtOGY4OC0zNDM2M2JjN2M0YzAiOnsiY3JlYXRlIjoxODAwMDAwMDAwMDAwLCJkZWxldGUiOjE4MDAwMDAwMDAwMDAsInJlYWQiOjMwMDAwMDAwMDAwMCwidXBkYXRlIjoxODAwMDAwMDAwMDAwfSwic2NoZW1hX3ZlcnNpb24iOiIxIn0=",
          "dependencies": [
            "azurerm_lb.App-LoadBalacer",
            "azurerm_lb_backend_address_pool.Scale_set_module",
            "azurerm_public_ip.LoadBalacerPublicIp",
            "azurerm_resource_group.RG",
            "azurerm_subnet.Web_Tier",
            "azurerm_virtual_network.vnet",
            "module.Scale_set_module.azurerm_linux_virtual_machine_scale_set.AppScaleSet"
          ]
        }
      ]
    }
  ]
}
